
Microsoft Visual Studio Solution File, Format Version 12.00
# Visual Studio Version 17
VisualStudioVersion = 17.1.32210.238
MinimumVisualStudioVersion = 10.0.40219.1
Project("{FAE04EC0-301F-11D3-BF4B-00C04F79EFBC}") = "LoginPage", "LoginPage\LoginPage.csproj", "{79E78F5C-D261-413F-95C4-68BD362C760F}"
EndProject
Global
	GlobalSection(SolutionConfigurationPlatforms) = preSolution
		Debug|Any CPU = Debug|Any CPU
		Release|Any CPU = Release|Any CPU
	EndGlobalSection
	GlobalSection(ProjectConfigurationPlatforms) = postSolution
		{79E78F5C-D261-413F-95C4-68BD362C760F}.Debug|Any CPU.ActiveCfg = Debug|Any CPU
		{79E78F5C-D261-413F-95C4-68BD362C760F}.Debug|Any CPU.Build.0 = Debug|Any CPU
		{79E78F5C-D261-413F-95C4-68BD362C760F}.Release|Any CPU.ActiveCfg = Release|Any CPU
		{79E78F5C-D261-413F-95C4-68BD362C760F}.Release|Any CPU.Build.0 = Release|Any CPU
	EndGlobalSection
	GlobalSection(SolutionProperties) = preSolution
		HideSolutionNode = FALSE
	EndGlobalSection
	GlobalSection(ExtensibilityGlobals) = postSolution
		SolutionGuid = {41736115-2F00-483D-B0C0-E7C8DF9B9AA6}
	EndGlobalSection
EndGlobal
